
Microsoft Visual Studio Solution File, Format Version 12.00
# Visual Studio Version 17
VisualStudioVersion = 17.4.33122.133
MinimumVisualStudioVersion = 10.0.40219.1
Project("{FAE04EC0-301F-11D3-BF4B-00C04F79EFBC}") = "Api", "Api\Api.csproj", "{CCC3F6F5-D637-47E3-B894-A8213B8AB2B0}"
EndProject
Project("{E53339B2-1760-4266-BCC7-CA923CBCF16C}") = "docker-compose", "docker-compose.dcproj", "{4909ACDF-7ADF-4D48-B301-9C746B4E5150}"
EndProject
Global
	GlobalSection(SolutionConfigurationPlatforms) = preSolution
		Debug|Any CPU = Debug|Any CPU
		Release|Any CPU = Release|Any CPU
	EndGlobalSection
	GlobalSection(ProjectConfigurationPlatforms) = postSolution
		{CCC3F6F5-D637-47E3-B894-A8213B8AB2B0}.Debug|Any CPU.ActiveCfg = Debug|Any CPU
		{CCC3F6F5-D637-47E3-B894-A8213B8AB2B0}.Debug|Any CPU.Build.0 = Debug|Any CPU
		{CCC3F6F5-D637-47E3-B894-A8213B8AB2B0}.Release|Any CPU.ActiveCfg = Release|Any CPU
		{CCC3F6F5-D637-47E3-B894-A8213B8AB2B0}.Release|Any CPU.Build.0 = Release|Any CPU
		{4909ACDF-7ADF-4D48-B301-9C746B4E5150}.Debug|Any CPU.ActiveCfg = Debug|Any CPU
		{4909ACDF-7ADF-4D48-B301-9C746B4E5150}.Debug|Any CPU.Build.0 = Debug|Any CPU
		{4909ACDF-7ADF-4D48-B301-9C746B4E5150}.Release|Any CPU.ActiveCfg = Release|Any CPU
		{4909ACDF-7ADF-4D48-B301-9C746B4E5150}.Release|Any CPU.Build.0 = Release|Any CPU
	EndGlobalSection
	GlobalSection(SolutionProperties) = preSolution
		HideSolutionNode = FALSE
	EndGlobalSection
	GlobalSection(ExtensibilityGlobals) = postSolution
		SolutionGuid = {11AEADCD-64A9-4726-94D3-CF1A4B0398C5}
	EndGlobalSection
EndGlobal
